
Microsoft Visual Studio Solution File, Format Version 12.00
# Visual Studio 14
VisualStudioVersion = 14.0.25420.1
MinimumVisualStudioVersion = 10.0.40219.1
Project("{2150E333-8FDC-42A3-9474-1A3956D46DE8}") = "src", "src", "{9C16B47A-B712-4237-B62F-B4403ACF1CD5}"
EndProject
Project("{2150E333-8FDC-42A3-9474-1A3956D46DE8}") = "Solution Items", "Solution Items", "{A006AF88-5E5C-4FC6-9DD6-1FEDF7DBE793}"
	ProjectSection(SolutionItems) = preProject
		global.json = global.json
	EndProjectSection
EndProject
Project("{8BB2217D-0F2D-49D1-97BC-3654ED321F3B}") = "cloudscribe.Core.Models", "src\cloudscribe.Core.Models\cloudscribe.Core.Models.xproj", "{88448767-8DE6-4167-838A-71DB859A4644}"
EndProject
Project("{8BB2217D-0F2D-49D1-97BC-3654ED321F3B}") = "cloudscribe.Core.Identity", "src\cloudscribe.Core.Identity\cloudscribe.Core.Identity.xproj", "{1FCC067D-392A-41CF-B5FD-B01FA0807F81}"
EndProject
Project("{8BB2217D-0F2D-49D1-97BC-3654ED321F3B}") = "cloudscribe.Web.Common", "src\cloudscribe.Web.Common\cloudscribe.Web.Common.xproj", "{1431289E-CB67-47D7-971F-0E38E6AB24EB}"
EndProject
Project("{8BB2217D-0F2D-49D1-97BC-3654ED321F3B}") = "cloudscribe.Messaging.Email", "src\cloudscribe.Messaging.Email\cloudscribe.Messaging.Email.xproj", "{12687D6F-78E6-4652-B5EB-AEA7EB958B4F}"
EndProject
Project("{8BB2217D-0F2D-49D1-97BC-3654ED321F3B}") = "cloudscribe.Messaging.Sms", "src\cloudscribe.Messaging.Sms\cloudscribe.Messaging.Sms.xproj", "{BD12E0A5-DEBA-439C-8E15-C70B4A02ABEC}"
EndProject
Project("{8BB2217D-0F2D-49D1-97BC-3654ED321F3B}") = "cloudscribe.Core.Storage.NoDb", "src\cloudscribe.Core.Storage.NoDb\cloudscribe.Core.Storage.NoDb.xproj", "{2CC25CD6-2EAD-4608-95E9-F16A43BE767B}"
EndProject
Project("{8BB2217D-0F2D-49D1-97BC-3654ED321F3B}") = "cloudscribe.Core.Storage.EF", "src\cloudscribe.Core.Storage.EF\cloudscribe.Core.Storage.EF.xproj", "{FEE59C59-15E2-41CA-91EF-FF05D9061826}"
EndProject
Project("{8BB2217D-0F2D-49D1-97BC-3654ED321F3B}") = "cloudscribe.Core.Web", "src\cloudscribe.Core.Web\cloudscribe.Core.Web.xproj", "{E3434F61-5FF1-4DAF-83F0-CDBFA2D8FB47}"
EndProject
Project("{2150E333-8FDC-42A3-9474-1A3956D46DE8}") = "test", "test", "{18722DAD-1668-4F56-A915-F6C65C1A6B74}"
EndProject
Project("{8BB2217D-0F2D-49D1-97BC-3654ED321F3B}") = "cloudscribe.Core.Web.Test", "test\cloudscribe.Core.Web.Test\cloudscribe.Core.Web.Test.xproj", "{FA25ABC0-74D2-479A-B8F0-18A6463BBB08}"
EndProject
Project("{8BB2217D-0F2D-49D1-97BC-3654ED321F3B}") = "example.WebApp", "src\example.WebApp\example.WebApp.xproj", "{B787FBDE-1595-42A1-A255-9E728E006626}"
EndProject
Global
	GlobalSection(SolutionConfigurationPlatforms) = preSolution
		Debug|Any CPU = Debug|Any CPU
		Release|Any CPU = Release|Any CPU
	EndGlobalSection
	GlobalSection(ProjectConfigurationPlatforms) = postSolution
		{88448767-8DE6-4167-838A-71DB859A4644}.Debug|Any CPU.ActiveCfg = Debug|Any CPU
		{88448767-8DE6-4167-838A-71DB859A4644}.Debug|Any CPU.Build.0 = Debug|Any CPU
		{88448767-8DE6-4167-838A-71DB859A4644}.Release|Any CPU.ActiveCfg = Release|Any CPU
		{88448767-8DE6-4167-838A-71DB859A4644}.Release|Any CPU.Build.0 = Release|Any CPU
		{1FCC067D-392A-41CF-B5FD-B01FA0807F81}.Debug|Any CPU.ActiveCfg = Debug|Any CPU
		{1FCC067D-392A-41CF-B5FD-B01FA0807F81}.Debug|Any CPU.Build.0 = Debug|Any CPU
		{1FCC067D-392A-41CF-B5FD-B01FA0807F81}.Release|Any CPU.ActiveCfg = Release|Any CPU
		{1FCC067D-392A-41CF-B5FD-B01FA0807F81}.Release|Any CPU.Build.0 = Release|Any CPU
		{1431289E-CB67-47D7-971F-0E38E6AB24EB}.Debug|Any CPU.ActiveCfg = Debug|Any CPU
		{1431289E-CB67-47D7-971F-0E38E6AB24EB}.Debug|Any CPU.Build.0 = Debug|Any CPU
		{1431289E-CB67-47D7-971F-0E38E6AB24EB}.Release|Any CPU.ActiveCfg = Release|Any CPU
		{1431289E-CB67-47D7-971F-0E38E6AB24EB}.Release|Any CPU.Build.0 = Release|Any CPU
		{12687D6F-78E6-4652-B5EB-AEA7EB958B4F}.Debug|Any CPU.ActiveCfg = Debug|Any CPU
		{12687D6F-78E6-4652-B5EB-AEA7EB958B4F}.Debug|Any CPU.Build.0 = Debug|Any CPU
		{12687D6F-78E6-4652-B5EB-AEA7EB958B4F}.Release|Any CPU.ActiveCfg = Release|Any CPU
		{12687D6F-78E6-4652-B5EB-AEA7EB958B4F}.Release|Any CPU.Build.0 = Release|Any CPU
		{BD12E0A5-DEBA-439C-8E15-C70B4A02ABEC}.Debug|Any CPU.ActiveCfg = Debug|Any CPU
		{BD12E0A5-DEBA-439C-8E15-C70B4A02ABEC}.Debug|Any CPU.Build.0 = Debug|Any CPU
		{BD12E0A5-DEBA-439C-8E15-C70B4A02ABEC}.Release|Any CPU.ActiveCfg = Release|Any CPU
		{BD12E0A5-DEBA-439C-8E15-C70B4A02ABEC}.Release|Any CPU.Build.0 = Release|Any CPU
		{2CC25CD6-2EAD-4608-95E9-F16A43BE767B}.Debug|Any CPU.ActiveCfg = Debug|Any CPU
		{2CC25CD6-2EAD-4608-95E9-F16A43BE767B}.Debug|Any CPU.Build.0 = Debug|Any CPU
		{2CC25CD6-2EAD-4608-95E9-F16A43BE767B}.Release|Any CPU.ActiveCfg = Release|Any CPU
		{2CC25CD6-2EAD-4608-95E9-F16A43BE767B}.Release|Any CPU.Build.0 = Release|Any CPU
		{FEE59C59-15E2-41CA-91EF-FF05D9061826}.Debug|Any CPU.ActiveCfg = Debug|Any CPU
		{FEE59C59-15E2-41CA-91EF-FF05D9061826}.Debug|Any CPU.Build.0 = Debug|Any CPU
		{FEE59C59-15E2-41CA-91EF-FF05D9061826}.Release|Any CPU.ActiveCfg = Release|Any CPU
		{FEE59C59-15E2-41CA-91EF-FF05D9061826}.Release|Any CPU.Build.0 = Release|Any CPU
		{E3434F61-5FF1-4DAF-83F0-CDBFA2D8FB47}.Debug|Any CPU.ActiveCfg = Debug|Any CPU
		{E3434F61-5FF1-4DAF-83F0-CDBFA2D8FB47}.Debug|Any CPU.Build.0 = Debug|Any CPU
		{E3434F61-5FF1-4DAF-83F0-CDBFA2D8FB47}.Release|Any CPU.ActiveCfg = Release|Any CPU
		{E3434F61-5FF1-4DAF-83F0-CDBFA2D8FB47}.Release|Any CPU.Build.0 = Release|Any CPU
		{FA25ABC0-74D2-479A-B8F0-18A6463BBB08}.Debug|Any CPU.ActiveCfg = Debug|Any CPU
		{FA25ABC0-74D2-479A-B8F0-18A6463BBB08}.Debug|Any CPU.Build.0 = Debug|Any CPU
		{FA25ABC0-74D2-479A-B8F0-18A6463BBB08}.Release|Any CPU.ActiveCfg = Release|Any CPU
		{FA25ABC0-74D2-479A-B8F0-18A6463BBB08}.Release|Any CPU.Build.0 = Release|Any CPU
		{B787FBDE-1595-42A1-A255-9E728E006626}.Debug|Any CPU.ActiveCfg = Debug|Any CPU
		{B787FBDE-1595-42A1-A255-9E728E006626}.Debug|Any CPU.Build.0 = Debug|Any CPU
		{B787FBDE-1595-42A1-A255-9E728E006626}.Release|Any CPU.ActiveCfg = Release|Any CPU
		{B787FBDE-1595-42A1-A255-9E728E006626}.Release|Any CPU.Build.0 = Release|Any CPU
	EndGlobalSection
	GlobalSection(SolutionProperties) = preSolution
		HideSolutionNode = FALSE
	EndGlobalSection
	GlobalSection(NestedProjects) = preSolution
		{88448767-8DE6-4167-838A-71DB859A4644} = {9C16B47A-B712-4237-B62F-B4403ACF1CD5}
		{1FCC067D-392A-41CF-B5FD-B01FA0807F81} = {9C16B47A-B712-4237-B62F-B4403ACF1CD5}
		{1431289E-CB67-47D7-971F-0E38E6AB24EB} = {9C16B47A-B712-4237-B62F-B4403ACF1CD5}
		{12687D6F-78E6-4652-B5EB-AEA7EB958B4F} = {9C16B47A-B712-4237-B62F-B4403ACF1CD5}
		{BD12E0A5-DEBA-439C-8E15-C70B4A02ABEC} = {9C16B47A-B712-4237-B62F-B4403ACF1CD5}
		{2CC25CD6-2EAD-4608-95E9-F16A43BE767B} = {9C16B47A-B712-4237-B62F-B4403ACF1CD5}
		{FEE59C59-15E2-41CA-91EF-FF05D9061826} = {9C16B47A-B712-4237-B62F-B4403ACF1CD5}
		{E3434F61-5FF1-4DAF-83F0-CDBFA2D8FB47} = {9C16B47A-B712-4237-B62F-B4403ACF1CD5}
		{FA25ABC0-74D2-479A-B8F0-18A6463BBB08} = {18722DAD-1668-4F56-A915-F6C65C1A6B74}
		{B787FBDE-1595-42A1-A255-9E728E006626} = {9C16B47A-B712-4237-B62F-B4403ACF1CD5}
	EndGlobalSection
EndGlobal
