
Microsoft Visual Studio Solution File, Format Version 12.00
# Visual Studio 2013
VisualStudioVersion = 12.0.31101.0
MinimumVisualStudioVersion = 10.0.40219.1
Project("{FAE04EC0-301F-11D3-BF4B-00C04F79EFBC}") = "cloudscribe.WebHost", "cloudscribe.WebHost\cloudscribe.WebHost.csproj", "{8DBF57E7-71A7-4817-9548-85DCDB873FAB}"
EndProject
Project("{FAE04EC0-301F-11D3-BF4B-00C04F79EFBC}") = "cloudscribe.Core.Web", "cloudscribe.Core.Web\cloudscribe.Core.Web.csproj", "{F637FAB6-4DA1-4CB7-AB7B-1BBAE9485A7A}"
EndProject
Project("{FAE04EC0-301F-11D3-BF4B-00C04F79EFBC}") = "cloudscribe.Core.Models", "cloudscribe.Core.Models\cloudscribe.Core.Models.csproj", "{21FF07B3-3179-4584-A09F-AA52F0DD0214}"
EndProject
Project("{FAE04EC0-301F-11D3-BF4B-00C04F79EFBC}") = "cloudscribe.Core.Repositories.MSSQL", "cloudscribe.Core.Repositories.MSSQL\cloudscribe.Core.Repositories.MSSQL.csproj", "{EABD27C2-3718-4702-84A1-FD95F675848E}"
EndProject
Project("{FAE04EC0-301F-11D3-BF4B-00C04F79EFBC}") = "cloudscribe.AspNet.Identity", "cloudscribe.AspNet.Identity\cloudscribe.AspNet.Identity.csproj", "{E8E9BD82-73BA-4C16-8E5A-9BA04B105E85}"
EndProject
Project("{FAE04EC0-301F-11D3-BF4B-00C04F79EFBC}") = "cloudscribe.Configuration", "cloudscribe.Configuration\cloudscribe.Configuration.csproj", "{856564C7-44A6-4E90-BBAF-FBEE23BD120D}"
EndProject
Project("{FAE04EC0-301F-11D3-BF4B-00C04F79EFBC}") = "cloudscribe.Resources", "cloudscribe.Resources\cloudscribe.Resources.csproj", "{B6F754E1-7BDA-4F6B-97E2-E98AFA10CD11}"
EndProject
Project("{FAE04EC0-301F-11D3-BF4B-00C04F79EFBC}") = "cloudscribe.Caching", "cloudscribe.Caching\cloudscribe.Caching.csproj", "{C08E4E8E-4E5C-47DC-B29E-B8B28F9B540C}"
EndProject
Project("{FAE04EC0-301F-11D3-BF4B-00C04F79EFBC}") = "cloudscribe.Messaging", "cloudscribe.Messaging\cloudscribe.Messaging.csproj", "{A8E87D4D-3CDD-4767-92A7-BD82EA78C3A3}"
EndProject
Project("{FAE04EC0-301F-11D3-BF4B-00C04F79EFBC}") = "cloudscribe.DbHelpers.MSSQL", "cloudscribe.DbHelpers.MSSQL\cloudscribe.DbHelpers.MSSQL.csproj", "{BC615F11-B133-42D4-8C05-2D950D4A6D64}"
EndProject
Project("{FAE04EC0-301F-11D3-BF4B-00C04F79EFBC}") = "cloudscribe.Core.Repositories.MySql", "cloudscribe.Core.Repositories.MySql\cloudscribe.Core.Repositories.MySql.csproj", "{40FE3A7A-D79E-456B-8BDE-59BEB80F8145}"
EndProject
Project("{FAE04EC0-301F-11D3-BF4B-00C04F79EFBC}") = "cloudscribe.DbHelpers.MySql", "cloudscribe.DbHelpers.MySql\cloudscribe.DbHelpers.MySql.csproj", "{EFCB633B-2838-4630-8AA1-B57210F46417}"
EndProject
Project("{FAE04EC0-301F-11D3-BF4B-00C04F79EFBC}") = "cloudscribe.DbHelpers.SqlCe", "cloudscribe.DbHelpers.SqlCe\cloudscribe.DbHelpers.SqlCe.csproj", "{3B4F44A4-699A-47DE-B082-2AB3E65C1168}"
EndProject
Project("{FAE04EC0-301F-11D3-BF4B-00C04F79EFBC}") = "cloudscribe.Core.Repositories.SqlCe", "cloudscribe.Core.Repositories.SqlCe\cloudscribe.Core.Repositories.SqlCe.csproj", "{14865547-530D-423B-9006-48A9D86FEDFB}"
EndProject
Project("{FAE04EC0-301F-11D3-BF4B-00C04F79EFBC}") = "cloudscribe.DbHelpers.pgsql", "cloudscribe.DbHelpers.pgsql\cloudscribe.DbHelpers.pgsql.csproj", "{FED310C1-C0F6-49EB-AB2A-41D08DC78918}"
EndProject
Project("{FAE04EC0-301F-11D3-BF4B-00C04F79EFBC}") = "cloudscribe.Core.Repositories.pgsql", "cloudscribe.Core.Repositories.pgsql\cloudscribe.Core.Repositories.pgsql.csproj", "{75291803-6CAB-44F9-BC4C-3DB491338D60}"
EndProject
Project("{FAE04EC0-301F-11D3-BF4B-00C04F79EFBC}") = "cloudscribe.DbHelpers.Firebird", "cloudscribe.DbHelpers.Firebird\cloudscribe.DbHelpers.Firebird.csproj", "{9A8762DB-6718-4818-B48A-6B766A10C4B9}"
EndProject
Project("{FAE04EC0-301F-11D3-BF4B-00C04F79EFBC}") = "cloudscribe.DbHelpers.SQLite", "cloudscribe.DbHelpers.SQLite\cloudscribe.DbHelpers.SQLite.csproj", "{0D3A9ADF-1022-4DF8-9234-318438C8ED16}"
EndProject
Project("{FAE04EC0-301F-11D3-BF4B-00C04F79EFBC}") = "cloudscribe.Core.Repositories.Firebird", "cloudscribe.Core.Repositories.Firebird\cloudscribe.Core.Repositories.Firebird.csproj", "{48157B2F-261D-4DEA-B0CD-62C115E41F6B}"
EndProject
Project("{FAE04EC0-301F-11D3-BF4B-00C04F79EFBC}") = "cloudscribe.Core.Repositories.SQLite", "cloudscribe.Core.Repositories.SQLite\cloudscribe.Core.Repositories.SQLite.csproj", "{7ED8D4F6-7EC7-4EB5-800F-C7F542363B74}"
EndProject
Project("{FAE04EC0-301F-11D3-BF4B-00C04F79EFBC}") = "cloudscribe.Core.Repositories.Caching", "cloudscribe.Core.Repositories.Caching\cloudscribe.Core.Repositories.Caching.csproj", "{DF8EAEDC-7955-46D8-AB03-E86D5B522D66}"
EndProject
Project("{FAE04EC0-301F-11D3-BF4B-00C04F79EFBC}") = "cloudscribe.Setup", "cloudscribe.Setup\cloudscribe.Setup.csproj", "{8934D759-EAB7-4372-8FED-05ABD3A213AB}"
EndProject
Project("{2150E333-8FDC-42A3-9474-1A3956D46DE8}") = "Notes", "Notes", "{C6E094A5-21E5-40CA-840E-B38D3C7D979C}"
	ProjectSection(SolutionItems) = preProject
		aspnet-vnext.txt = aspnet-vnext.txt
		DataAnnotations.txt = DataAnnotations.txt
		DateTime.txt = DateTime.txt
		DependencyInjection.txt = DependencyInjection.txt
		DeviceDetection.txt = DeviceDetection.txt
		Identity.txt = Identity.txt
		Localization.txt = Localization.txt
		RazorViewEngine.txt = RazorViewEngine.txt
		ViewsAndViewModels.txt = ViewsAndViewModels.txt
		XssPrevention.txt = XssPrevention.txt
	EndProjectSection
EndProject
Global
	GlobalSection(SolutionConfigurationPlatforms) = preSolution
		Debug - Firebird|Any CPU = Debug - Firebird|Any CPU
		Debug - MySql|Any CPU = Debug - MySql|Any CPU
		Debug - pgsql|Any CPU = Debug - pgsql|Any CPU
		Debug - SqlCe|Any CPU = Debug - SqlCe|Any CPU
		Debug - SQLite|Any CPU = Debug - SQLite|Any CPU
		Debug|Any CPU = Debug|Any CPU
		Release - Firebird|Any CPU = Release - Firebird|Any CPU
		Release - MySql|Any CPU = Release - MySql|Any CPU
		Release - pgsql|Any CPU = Release - pgsql|Any CPU
		Release - SqlCe|Any CPU = Release - SqlCe|Any CPU
		Release - SQLite|Any CPU = Release - SQLite|Any CPU
		Release|Any CPU = Release|Any CPU
	EndGlobalSection
	GlobalSection(ProjectConfigurationPlatforms) = postSolution
		{8DBF57E7-71A7-4817-9548-85DCDB873FAB}.Debug - Firebird|Any CPU.ActiveCfg = Debug|Any CPU
		{8DBF57E7-71A7-4817-9548-85DCDB873FAB}.Debug - Firebird|Any CPU.Build.0 = Debug|Any CPU
		{8DBF57E7-71A7-4817-9548-85DCDB873FAB}.Debug - MySql|Any CPU.ActiveCfg = Debug|Any CPU
		{8DBF57E7-71A7-4817-9548-85DCDB873FAB}.Debug - MySql|Any CPU.Build.0 = Debug|Any CPU
		{8DBF57E7-71A7-4817-9548-85DCDB873FAB}.Debug - pgsql|Any CPU.ActiveCfg = Debug|Any CPU
		{8DBF57E7-71A7-4817-9548-85DCDB873FAB}.Debug - pgsql|Any CPU.Build.0 = Debug|Any CPU
		{8DBF57E7-71A7-4817-9548-85DCDB873FAB}.Debug - SqlCe|Any CPU.ActiveCfg = Debug|Any CPU
		{8DBF57E7-71A7-4817-9548-85DCDB873FAB}.Debug - SqlCe|Any CPU.Build.0 = Debug|Any CPU
		{8DBF57E7-71A7-4817-9548-85DCDB873FAB}.Debug - SQLite|Any CPU.ActiveCfg = Debug|Any CPU
		{8DBF57E7-71A7-4817-9548-85DCDB873FAB}.Debug - SQLite|Any CPU.Build.0 = Debug|Any CPU
		{8DBF57E7-71A7-4817-9548-85DCDB873FAB}.Debug|Any CPU.ActiveCfg = Debug|Any CPU
		{8DBF57E7-71A7-4817-9548-85DCDB873FAB}.Debug|Any CPU.Build.0 = Debug|Any CPU
		{8DBF57E7-71A7-4817-9548-85DCDB873FAB}.Release - Firebird|Any CPU.ActiveCfg = Release|Any CPU
		{8DBF57E7-71A7-4817-9548-85DCDB873FAB}.Release - Firebird|Any CPU.Build.0 = Release|Any CPU
		{8DBF57E7-71A7-4817-9548-85DCDB873FAB}.Release - MySql|Any CPU.ActiveCfg = Release|Any CPU
		{8DBF57E7-71A7-4817-9548-85DCDB873FAB}.Release - MySql|Any CPU.Build.0 = Release|Any CPU
		{8DBF57E7-71A7-4817-9548-85DCDB873FAB}.Release - pgsql|Any CPU.ActiveCfg = Release|Any CPU
		{8DBF57E7-71A7-4817-9548-85DCDB873FAB}.Release - pgsql|Any CPU.Build.0 = Release|Any CPU
		{8DBF57E7-71A7-4817-9548-85DCDB873FAB}.Release - SqlCe|Any CPU.ActiveCfg = Release|Any CPU
		{8DBF57E7-71A7-4817-9548-85DCDB873FAB}.Release - SqlCe|Any CPU.Build.0 = Release|Any CPU
		{8DBF57E7-71A7-4817-9548-85DCDB873FAB}.Release - SQLite|Any CPU.ActiveCfg = Release|Any CPU
		{8DBF57E7-71A7-4817-9548-85DCDB873FAB}.Release - SQLite|Any CPU.Build.0 = Release|Any CPU
		{8DBF57E7-71A7-4817-9548-85DCDB873FAB}.Release|Any CPU.ActiveCfg = Release|Any CPU
		{8DBF57E7-71A7-4817-9548-85DCDB873FAB}.Release|Any CPU.Build.0 = Release|Any CPU
		{F637FAB6-4DA1-4CB7-AB7B-1BBAE9485A7A}.Debug - Firebird|Any CPU.ActiveCfg = Debug|Any CPU
		{F637FAB6-4DA1-4CB7-AB7B-1BBAE9485A7A}.Debug - Firebird|Any CPU.Build.0 = Debug|Any CPU
		{F637FAB6-4DA1-4CB7-AB7B-1BBAE9485A7A}.Debug - MySql|Any CPU.ActiveCfg = Debug|Any CPU
		{F637FAB6-4DA1-4CB7-AB7B-1BBAE9485A7A}.Debug - MySql|Any CPU.Build.0 = Debug|Any CPU
		{F637FAB6-4DA1-4CB7-AB7B-1BBAE9485A7A}.Debug - pgsql|Any CPU.ActiveCfg = Debug|Any CPU
		{F637FAB6-4DA1-4CB7-AB7B-1BBAE9485A7A}.Debug - pgsql|Any CPU.Build.0 = Debug|Any CPU
		{F637FAB6-4DA1-4CB7-AB7B-1BBAE9485A7A}.Debug - SqlCe|Any CPU.ActiveCfg = Debug|Any CPU
		{F637FAB6-4DA1-4CB7-AB7B-1BBAE9485A7A}.Debug - SqlCe|Any CPU.Build.0 = Debug|Any CPU
		{F637FAB6-4DA1-4CB7-AB7B-1BBAE9485A7A}.Debug - SQLite|Any CPU.ActiveCfg = Debug|Any CPU
		{F637FAB6-4DA1-4CB7-AB7B-1BBAE9485A7A}.Debug - SQLite|Any CPU.Build.0 = Debug|Any CPU
		{F637FAB6-4DA1-4CB7-AB7B-1BBAE9485A7A}.Debug|Any CPU.ActiveCfg = Debug|Any CPU
		{F637FAB6-4DA1-4CB7-AB7B-1BBAE9485A7A}.Debug|Any CPU.Build.0 = Debug|Any CPU
		{F637FAB6-4DA1-4CB7-AB7B-1BBAE9485A7A}.Release - Firebird|Any CPU.ActiveCfg = Release|Any CPU
		{F637FAB6-4DA1-4CB7-AB7B-1BBAE9485A7A}.Release - Firebird|Any CPU.Build.0 = Release|Any CPU
		{F637FAB6-4DA1-4CB7-AB7B-1BBAE9485A7A}.Release - MySql|Any CPU.ActiveCfg = Release|Any CPU
		{F637FAB6-4DA1-4CB7-AB7B-1BBAE9485A7A}.Release - MySql|Any CPU.Build.0 = Release|Any CPU
		{F637FAB6-4DA1-4CB7-AB7B-1BBAE9485A7A}.Release - pgsql|Any CPU.ActiveCfg = Release|Any CPU
		{F637FAB6-4DA1-4CB7-AB7B-1BBAE9485A7A}.Release - pgsql|Any CPU.Build.0 = Release|Any CPU
		{F637FAB6-4DA1-4CB7-AB7B-1BBAE9485A7A}.Release - SqlCe|Any CPU.ActiveCfg = Release|Any CPU
		{F637FAB6-4DA1-4CB7-AB7B-1BBAE9485A7A}.Release - SqlCe|Any CPU.Build.0 = Release|Any CPU
		{F637FAB6-4DA1-4CB7-AB7B-1BBAE9485A7A}.Release - SQLite|Any CPU.ActiveCfg = Release|Any CPU
		{F637FAB6-4DA1-4CB7-AB7B-1BBAE9485A7A}.Release - SQLite|Any CPU.Build.0 = Release|Any CPU
		{F637FAB6-4DA1-4CB7-AB7B-1BBAE9485A7A}.Release|Any CPU.ActiveCfg = Release|Any CPU
		{F637FAB6-4DA1-4CB7-AB7B-1BBAE9485A7A}.Release|Any CPU.Build.0 = Release|Any CPU
		{21FF07B3-3179-4584-A09F-AA52F0DD0214}.Debug - Firebird|Any CPU.ActiveCfg = Debug|Any CPU
		{21FF07B3-3179-4584-A09F-AA52F0DD0214}.Debug - Firebird|Any CPU.Build.0 = Debug|Any CPU
		{21FF07B3-3179-4584-A09F-AA52F0DD0214}.Debug - MySql|Any CPU.ActiveCfg = Debug|Any CPU
		{21FF07B3-3179-4584-A09F-AA52F0DD0214}.Debug - MySql|Any CPU.Build.0 = Debug|Any CPU
		{21FF07B3-3179-4584-A09F-AA52F0DD0214}.Debug - pgsql|Any CPU.ActiveCfg = Debug|Any CPU
		{21FF07B3-3179-4584-A09F-AA52F0DD0214}.Debug - pgsql|Any CPU.Build.0 = Debug|Any CPU
		{21FF07B3-3179-4584-A09F-AA52F0DD0214}.Debug - SqlCe|Any CPU.ActiveCfg = Debug|Any CPU
		{21FF07B3-3179-4584-A09F-AA52F0DD0214}.Debug - SqlCe|Any CPU.Build.0 = Debug|Any CPU
		{21FF07B3-3179-4584-A09F-AA52F0DD0214}.Debug - SQLite|Any CPU.ActiveCfg = Debug|Any CPU
		{21FF07B3-3179-4584-A09F-AA52F0DD0214}.Debug - SQLite|Any CPU.Build.0 = Debug|Any CPU
		{21FF07B3-3179-4584-A09F-AA52F0DD0214}.Debug|Any CPU.ActiveCfg = Debug|Any CPU
		{21FF07B3-3179-4584-A09F-AA52F0DD0214}.Debug|Any CPU.Build.0 = Debug|Any CPU
		{21FF07B3-3179-4584-A09F-AA52F0DD0214}.Release - Firebird|Any CPU.ActiveCfg = Release|Any CPU
		{21FF07B3-3179-4584-A09F-AA52F0DD0214}.Release - Firebird|Any CPU.Build.0 = Release|Any CPU
		{21FF07B3-3179-4584-A09F-AA52F0DD0214}.Release - MySql|Any CPU.ActiveCfg = Release|Any CPU
		{21FF07B3-3179-4584-A09F-AA52F0DD0214}.Release - MySql|Any CPU.Build.0 = Release|Any CPU
		{21FF07B3-3179-4584-A09F-AA52F0DD0214}.Release - pgsql|Any CPU.ActiveCfg = Release|Any CPU
		{21FF07B3-3179-4584-A09F-AA52F0DD0214}.Release - pgsql|Any CPU.Build.0 = Release|Any CPU
		{21FF07B3-3179-4584-A09F-AA52F0DD0214}.Release - SqlCe|Any CPU.ActiveCfg = Release|Any CPU
		{21FF07B3-3179-4584-A09F-AA52F0DD0214}.Release - SqlCe|Any CPU.Build.0 = Release|Any CPU
		{21FF07B3-3179-4584-A09F-AA52F0DD0214}.Release - SQLite|Any CPU.ActiveCfg = Release|Any CPU
		{21FF07B3-3179-4584-A09F-AA52F0DD0214}.Release - SQLite|Any CPU.Build.0 = Release|Any CPU
		{21FF07B3-3179-4584-A09F-AA52F0DD0214}.Release|Any CPU.ActiveCfg = Release|Any CPU
		{21FF07B3-3179-4584-A09F-AA52F0DD0214}.Release|Any CPU.Build.0 = Release|Any CPU
		{EABD27C2-3718-4702-84A1-FD95F675848E}.Debug - Firebird|Any CPU.ActiveCfg = Debug|Any CPU
		{EABD27C2-3718-4702-84A1-FD95F675848E}.Debug - Firebird|Any CPU.Build.0 = Debug|Any CPU
		{EABD27C2-3718-4702-84A1-FD95F675848E}.Debug - MySql|Any CPU.ActiveCfg = Debug|Any CPU
		{EABD27C2-3718-4702-84A1-FD95F675848E}.Debug - MySql|Any CPU.Build.0 = Debug|Any CPU
		{EABD27C2-3718-4702-84A1-FD95F675848E}.Debug - pgsql|Any CPU.ActiveCfg = Debug|Any CPU
		{EABD27C2-3718-4702-84A1-FD95F675848E}.Debug - pgsql|Any CPU.Build.0 = Debug|Any CPU
		{EABD27C2-3718-4702-84A1-FD95F675848E}.Debug - SqlCe|Any CPU.ActiveCfg = Debug|Any CPU
		{EABD27C2-3718-4702-84A1-FD95F675848E}.Debug - SqlCe|Any CPU.Build.0 = Debug|Any CPU
		{EABD27C2-3718-4702-84A1-FD95F675848E}.Debug - SQLite|Any CPU.ActiveCfg = Debug|Any CPU
		{EABD27C2-3718-4702-84A1-FD95F675848E}.Debug - SQLite|Any CPU.Build.0 = Debug|Any CPU
		{EABD27C2-3718-4702-84A1-FD95F675848E}.Debug|Any CPU.ActiveCfg = Debug|Any CPU
		{EABD27C2-3718-4702-84A1-FD95F675848E}.Debug|Any CPU.Build.0 = Debug|Any CPU
		{EABD27C2-3718-4702-84A1-FD95F675848E}.Release - Firebird|Any CPU.ActiveCfg = Release|Any CPU
		{EABD27C2-3718-4702-84A1-FD95F675848E}.Release - Firebird|Any CPU.Build.0 = Release|Any CPU
		{EABD27C2-3718-4702-84A1-FD95F675848E}.Release - MySql|Any CPU.ActiveCfg = Release|Any CPU
		{EABD27C2-3718-4702-84A1-FD95F675848E}.Release - MySql|Any CPU.Build.0 = Release|Any CPU
		{EABD27C2-3718-4702-84A1-FD95F675848E}.Release - pgsql|Any CPU.ActiveCfg = Release|Any CPU
		{EABD27C2-3718-4702-84A1-FD95F675848E}.Release - pgsql|Any CPU.Build.0 = Release|Any CPU
		{EABD27C2-3718-4702-84A1-FD95F675848E}.Release - SqlCe|Any CPU.ActiveCfg = Release|Any CPU
		{EABD27C2-3718-4702-84A1-FD95F675848E}.Release - SqlCe|Any CPU.Build.0 = Release|Any CPU
		{EABD27C2-3718-4702-84A1-FD95F675848E}.Release - SQLite|Any CPU.ActiveCfg = Release|Any CPU
		{EABD27C2-3718-4702-84A1-FD95F675848E}.Release - SQLite|Any CPU.Build.0 = Release|Any CPU
		{EABD27C2-3718-4702-84A1-FD95F675848E}.Release|Any CPU.ActiveCfg = Release|Any CPU
		{EABD27C2-3718-4702-84A1-FD95F675848E}.Release|Any CPU.Build.0 = Release|Any CPU
		{E8E9BD82-73BA-4C16-8E5A-9BA04B105E85}.Debug - Firebird|Any CPU.ActiveCfg = Debug|Any CPU
		{E8E9BD82-73BA-4C16-8E5A-9BA04B105E85}.Debug - Firebird|Any CPU.Build.0 = Debug|Any CPU
		{E8E9BD82-73BA-4C16-8E5A-9BA04B105E85}.Debug - MySql|Any CPU.ActiveCfg = Debug|Any CPU
		{E8E9BD82-73BA-4C16-8E5A-9BA04B105E85}.Debug - MySql|Any CPU.Build.0 = Debug|Any CPU
		{E8E9BD82-73BA-4C16-8E5A-9BA04B105E85}.Debug - pgsql|Any CPU.ActiveCfg = Debug|Any CPU
		{E8E9BD82-73BA-4C16-8E5A-9BA04B105E85}.Debug - pgsql|Any CPU.Build.0 = Debug|Any CPU
		{E8E9BD82-73BA-4C16-8E5A-9BA04B105E85}.Debug - SqlCe|Any CPU.ActiveCfg = Debug|Any CPU
		{E8E9BD82-73BA-4C16-8E5A-9BA04B105E85}.Debug - SqlCe|Any CPU.Build.0 = Debug|Any CPU
		{E8E9BD82-73BA-4C16-8E5A-9BA04B105E85}.Debug - SQLite|Any CPU.ActiveCfg = Debug|Any CPU
		{E8E9BD82-73BA-4C16-8E5A-9BA04B105E85}.Debug - SQLite|Any CPU.Build.0 = Debug|Any CPU
		{E8E9BD82-73BA-4C16-8E5A-9BA04B105E85}.Debug|Any CPU.ActiveCfg = Debug|Any CPU
		{E8E9BD82-73BA-4C16-8E5A-9BA04B105E85}.Debug|Any CPU.Build.0 = Debug|Any CPU
		{E8E9BD82-73BA-4C16-8E5A-9BA04B105E85}.Release - Firebird|Any CPU.ActiveCfg = Release|Any CPU
		{E8E9BD82-73BA-4C16-8E5A-9BA04B105E85}.Release - Firebird|Any CPU.Build.0 = Release|Any CPU
		{E8E9BD82-73BA-4C16-8E5A-9BA04B105E85}.Release - MySql|Any CPU.ActiveCfg = Release|Any CPU
		{E8E9BD82-73BA-4C16-8E5A-9BA04B105E85}.Release - MySql|Any CPU.Build.0 = Release|Any CPU
		{E8E9BD82-73BA-4C16-8E5A-9BA04B105E85}.Release - pgsql|Any CPU.ActiveCfg = Release|Any CPU
		{E8E9BD82-73BA-4C16-8E5A-9BA04B105E85}.Release - pgsql|Any CPU.Build.0 = Release|Any CPU
		{E8E9BD82-73BA-4C16-8E5A-9BA04B105E85}.Release - SqlCe|Any CPU.ActiveCfg = Release|Any CPU
		{E8E9BD82-73BA-4C16-8E5A-9BA04B105E85}.Release - SqlCe|Any CPU.Build.0 = Release|Any CPU
		{E8E9BD82-73BA-4C16-8E5A-9BA04B105E85}.Release - SQLite|Any CPU.ActiveCfg = Release|Any CPU
		{E8E9BD82-73BA-4C16-8E5A-9BA04B105E85}.Release - SQLite|Any CPU.Build.0 = Release|Any CPU
		{E8E9BD82-73BA-4C16-8E5A-9BA04B105E85}.Release|Any CPU.ActiveCfg = Release|Any CPU
		{E8E9BD82-73BA-4C16-8E5A-9BA04B105E85}.Release|Any CPU.Build.0 = Release|Any CPU
		{856564C7-44A6-4E90-BBAF-FBEE23BD120D}.Debug - Firebird|Any CPU.ActiveCfg = Debug|Any CPU
		{856564C7-44A6-4E90-BBAF-FBEE23BD120D}.Debug - Firebird|Any CPU.Build.0 = Debug|Any CPU
		{856564C7-44A6-4E90-BBAF-FBEE23BD120D}.Debug - MySql|Any CPU.ActiveCfg = Debug|Any CPU
		{856564C7-44A6-4E90-BBAF-FBEE23BD120D}.Debug - MySql|Any CPU.Build.0 = Debug|Any CPU
		{856564C7-44A6-4E90-BBAF-FBEE23BD120D}.Debug - pgsql|Any CPU.ActiveCfg = Debug|Any CPU
		{856564C7-44A6-4E90-BBAF-FBEE23BD120D}.Debug - pgsql|Any CPU.Build.0 = Debug|Any CPU
		{856564C7-44A6-4E90-BBAF-FBEE23BD120D}.Debug - SqlCe|Any CPU.ActiveCfg = Debug|Any CPU
		{856564C7-44A6-4E90-BBAF-FBEE23BD120D}.Debug - SqlCe|Any CPU.Build.0 = Debug|Any CPU
		{856564C7-44A6-4E90-BBAF-FBEE23BD120D}.Debug - SQLite|Any CPU.ActiveCfg = Debug|Any CPU
		{856564C7-44A6-4E90-BBAF-FBEE23BD120D}.Debug - SQLite|Any CPU.Build.0 = Debug|Any CPU
		{856564C7-44A6-4E90-BBAF-FBEE23BD120D}.Debug|Any CPU.ActiveCfg = Debug|Any CPU
		{856564C7-44A6-4E90-BBAF-FBEE23BD120D}.Debug|Any CPU.Build.0 = Debug|Any CPU
		{856564C7-44A6-4E90-BBAF-FBEE23BD120D}.Release - Firebird|Any CPU.ActiveCfg = Release|Any CPU
		{856564C7-44A6-4E90-BBAF-FBEE23BD120D}.Release - Firebird|Any CPU.Build.0 = Release|Any CPU
		{856564C7-44A6-4E90-BBAF-FBEE23BD120D}.Release - MySql|Any CPU.ActiveCfg = Release|Any CPU
		{856564C7-44A6-4E90-BBAF-FBEE23BD120D}.Release - MySql|Any CPU.Build.0 = Release|Any CPU
		{856564C7-44A6-4E90-BBAF-FBEE23BD120D}.Release - pgsql|Any CPU.ActiveCfg = Release|Any CPU
		{856564C7-44A6-4E90-BBAF-FBEE23BD120D}.Release - pgsql|Any CPU.Build.0 = Release|Any CPU
		{856564C7-44A6-4E90-BBAF-FBEE23BD120D}.Release - SqlCe|Any CPU.ActiveCfg = Release|Any CPU
		{856564C7-44A6-4E90-BBAF-FBEE23BD120D}.Release - SqlCe|Any CPU.Build.0 = Release|Any CPU
		{856564C7-44A6-4E90-BBAF-FBEE23BD120D}.Release - SQLite|Any CPU.ActiveCfg = Release|Any CPU
		{856564C7-44A6-4E90-BBAF-FBEE23BD120D}.Release - SQLite|Any CPU.Build.0 = Release|Any CPU
		{856564C7-44A6-4E90-BBAF-FBEE23BD120D}.Release|Any CPU.ActiveCfg = Release|Any CPU
		{856564C7-44A6-4E90-BBAF-FBEE23BD120D}.Release|Any CPU.Build.0 = Release|Any CPU
		{B6F754E1-7BDA-4F6B-97E2-E98AFA10CD11}.Debug - Firebird|Any CPU.ActiveCfg = Debug|Any CPU
		{B6F754E1-7BDA-4F6B-97E2-E98AFA10CD11}.Debug - Firebird|Any CPU.Build.0 = Debug|Any CPU
		{B6F754E1-7BDA-4F6B-97E2-E98AFA10CD11}.Debug - MySql|Any CPU.ActiveCfg = Debug|Any CPU
		{B6F754E1-7BDA-4F6B-97E2-E98AFA10CD11}.Debug - MySql|Any CPU.Build.0 = Debug|Any CPU
		{B6F754E1-7BDA-4F6B-97E2-E98AFA10CD11}.Debug - pgsql|Any CPU.ActiveCfg = Debug|Any CPU
		{B6F754E1-7BDA-4F6B-97E2-E98AFA10CD11}.Debug - pgsql|Any CPU.Build.0 = Debug|Any CPU
		{B6F754E1-7BDA-4F6B-97E2-E98AFA10CD11}.Debug - SqlCe|Any CPU.ActiveCfg = Debug|Any CPU
		{B6F754E1-7BDA-4F6B-97E2-E98AFA10CD11}.Debug - SqlCe|Any CPU.Build.0 = Debug|Any CPU
		{B6F754E1-7BDA-4F6B-97E2-E98AFA10CD11}.Debug - SQLite|Any CPU.ActiveCfg = Debug|Any CPU
		{B6F754E1-7BDA-4F6B-97E2-E98AFA10CD11}.Debug - SQLite|Any CPU.Build.0 = Debug|Any CPU
		{B6F754E1-7BDA-4F6B-97E2-E98AFA10CD11}.Debug|Any CPU.ActiveCfg = Debug|Any CPU
		{B6F754E1-7BDA-4F6B-97E2-E98AFA10CD11}.Debug|Any CPU.Build.0 = Debug|Any CPU
		{B6F754E1-7BDA-4F6B-97E2-E98AFA10CD11}.Release - Firebird|Any CPU.ActiveCfg = Release|Any CPU
		{B6F754E1-7BDA-4F6B-97E2-E98AFA10CD11}.Release - Firebird|Any CPU.Build.0 = Release|Any CPU
		{B6F754E1-7BDA-4F6B-97E2-E98AFA10CD11}.Release - MySql|Any CPU.ActiveCfg = Release|Any CPU
		{B6F754E1-7BDA-4F6B-97E2-E98AFA10CD11}.Release - MySql|Any CPU.Build.0 = Release|Any CPU
		{B6F754E1-7BDA-4F6B-97E2-E98AFA10CD11}.Release - pgsql|Any CPU.ActiveCfg = Release|Any CPU
		{B6F754E1-7BDA-4F6B-97E2-E98AFA10CD11}.Release - pgsql|Any CPU.Build.0 = Release|Any CPU
		{B6F754E1-7BDA-4F6B-97E2-E98AFA10CD11}.Release - SqlCe|Any CPU.ActiveCfg = Release|Any CPU
		{B6F754E1-7BDA-4F6B-97E2-E98AFA10CD11}.Release - SqlCe|Any CPU.Build.0 = Release|Any CPU
		{B6F754E1-7BDA-4F6B-97E2-E98AFA10CD11}.Release - SQLite|Any CPU.ActiveCfg = Release|Any CPU
		{B6F754E1-7BDA-4F6B-97E2-E98AFA10CD11}.Release - SQLite|Any CPU.Build.0 = Release|Any CPU
		{B6F754E1-7BDA-4F6B-97E2-E98AFA10CD11}.Release|Any CPU.ActiveCfg = Release|Any CPU
		{B6F754E1-7BDA-4F6B-97E2-E98AFA10CD11}.Release|Any CPU.Build.0 = Release|Any CPU
		{C08E4E8E-4E5C-47DC-B29E-B8B28F9B540C}.Debug - Firebird|Any CPU.ActiveCfg = Debug|Any CPU
		{C08E4E8E-4E5C-47DC-B29E-B8B28F9B540C}.Debug - Firebird|Any CPU.Build.0 = Debug|Any CPU
		{C08E4E8E-4E5C-47DC-B29E-B8B28F9B540C}.Debug - MySql|Any CPU.ActiveCfg = Debug|Any CPU
		{C08E4E8E-4E5C-47DC-B29E-B8B28F9B540C}.Debug - MySql|Any CPU.Build.0 = Debug|Any CPU
		{C08E4E8E-4E5C-47DC-B29E-B8B28F9B540C}.Debug - pgsql|Any CPU.ActiveCfg = Debug|Any CPU
		{C08E4E8E-4E5C-47DC-B29E-B8B28F9B540C}.Debug - pgsql|Any CPU.Build.0 = Debug|Any CPU
		{C08E4E8E-4E5C-47DC-B29E-B8B28F9B540C}.Debug - SqlCe|Any CPU.ActiveCfg = Debug|Any CPU
		{C08E4E8E-4E5C-47DC-B29E-B8B28F9B540C}.Debug - SqlCe|Any CPU.Build.0 = Debug|Any CPU
		{C08E4E8E-4E5C-47DC-B29E-B8B28F9B540C}.Debug - SQLite|Any CPU.ActiveCfg = Debug|Any CPU
		{C08E4E8E-4E5C-47DC-B29E-B8B28F9B540C}.Debug - SQLite|Any CPU.Build.0 = Debug|Any CPU
		{C08E4E8E-4E5C-47DC-B29E-B8B28F9B540C}.Debug|Any CPU.ActiveCfg = Debug|Any CPU
		{C08E4E8E-4E5C-47DC-B29E-B8B28F9B540C}.Debug|Any CPU.Build.0 = Debug|Any CPU
		{C08E4E8E-4E5C-47DC-B29E-B8B28F9B540C}.Release - Firebird|Any CPU.ActiveCfg = Release|Any CPU
		{C08E4E8E-4E5C-47DC-B29E-B8B28F9B540C}.Release - Firebird|Any CPU.Build.0 = Release|Any CPU
		{C08E4E8E-4E5C-47DC-B29E-B8B28F9B540C}.Release - MySql|Any CPU.ActiveCfg = Release|Any CPU
		{C08E4E8E-4E5C-47DC-B29E-B8B28F9B540C}.Release - MySql|Any CPU.Build.0 = Release|Any CPU
		{C08E4E8E-4E5C-47DC-B29E-B8B28F9B540C}.Release - pgsql|Any CPU.ActiveCfg = Release|Any CPU
		{C08E4E8E-4E5C-47DC-B29E-B8B28F9B540C}.Release - pgsql|Any CPU.Build.0 = Release|Any CPU
		{C08E4E8E-4E5C-47DC-B29E-B8B28F9B540C}.Release - SqlCe|Any CPU.ActiveCfg = Release|Any CPU
		{C08E4E8E-4E5C-47DC-B29E-B8B28F9B540C}.Release - SqlCe|Any CPU.Build.0 = Release|Any CPU
		{C08E4E8E-4E5C-47DC-B29E-B8B28F9B540C}.Release - SQLite|Any CPU.ActiveCfg = Release|Any CPU
		{C08E4E8E-4E5C-47DC-B29E-B8B28F9B540C}.Release - SQLite|Any CPU.Build.0 = Release|Any CPU
		{C08E4E8E-4E5C-47DC-B29E-B8B28F9B540C}.Release|Any CPU.ActiveCfg = Release|Any CPU
		{C08E4E8E-4E5C-47DC-B29E-B8B28F9B540C}.Release|Any CPU.Build.0 = Release|Any CPU
		{A8E87D4D-3CDD-4767-92A7-BD82EA78C3A3}.Debug - Firebird|Any CPU.ActiveCfg = Debug|Any CPU
		{A8E87D4D-3CDD-4767-92A7-BD82EA78C3A3}.Debug - Firebird|Any CPU.Build.0 = Debug|Any CPU
		{A8E87D4D-3CDD-4767-92A7-BD82EA78C3A3}.Debug - MySql|Any CPU.ActiveCfg = Debug|Any CPU
		{A8E87D4D-3CDD-4767-92A7-BD82EA78C3A3}.Debug - MySql|Any CPU.Build.0 = Debug|Any CPU
		{A8E87D4D-3CDD-4767-92A7-BD82EA78C3A3}.Debug - pgsql|Any CPU.ActiveCfg = Debug|Any CPU
		{A8E87D4D-3CDD-4767-92A7-BD82EA78C3A3}.Debug - pgsql|Any CPU.Build.0 = Debug|Any CPU
		{A8E87D4D-3CDD-4767-92A7-BD82EA78C3A3}.Debug - SqlCe|Any CPU.ActiveCfg = Debug|Any CPU
		{A8E87D4D-3CDD-4767-92A7-BD82EA78C3A3}.Debug - SqlCe|Any CPU.Build.0 = Debug|Any CPU
		{A8E87D4D-3CDD-4767-92A7-BD82EA78C3A3}.Debug - SQLite|Any CPU.ActiveCfg = Debug|Any CPU
		{A8E87D4D-3CDD-4767-92A7-BD82EA78C3A3}.Debug - SQLite|Any CPU.Build.0 = Debug|Any CPU
		{A8E87D4D-3CDD-4767-92A7-BD82EA78C3A3}.Debug|Any CPU.ActiveCfg = Debug|Any CPU
		{A8E87D4D-3CDD-4767-92A7-BD82EA78C3A3}.Debug|Any CPU.Build.0 = Debug|Any CPU
		{A8E87D4D-3CDD-4767-92A7-BD82EA78C3A3}.Release - Firebird|Any CPU.ActiveCfg = Release|Any CPU
		{A8E87D4D-3CDD-4767-92A7-BD82EA78C3A3}.Release - Firebird|Any CPU.Build.0 = Release|Any CPU
		{A8E87D4D-3CDD-4767-92A7-BD82EA78C3A3}.Release - MySql|Any CPU.ActiveCfg = Release|Any CPU
		{A8E87D4D-3CDD-4767-92A7-BD82EA78C3A3}.Release - MySql|Any CPU.Build.0 = Release|Any CPU
		{A8E87D4D-3CDD-4767-92A7-BD82EA78C3A3}.Release - pgsql|Any CPU.ActiveCfg = Release|Any CPU
		{A8E87D4D-3CDD-4767-92A7-BD82EA78C3A3}.Release - pgsql|Any CPU.Build.0 = Release|Any CPU
		{A8E87D4D-3CDD-4767-92A7-BD82EA78C3A3}.Release - SqlCe|Any CPU.ActiveCfg = Release|Any CPU
		{A8E87D4D-3CDD-4767-92A7-BD82EA78C3A3}.Release - SqlCe|Any CPU.Build.0 = Release|Any CPU
		{A8E87D4D-3CDD-4767-92A7-BD82EA78C3A3}.Release - SQLite|Any CPU.ActiveCfg = Release|Any CPU
		{A8E87D4D-3CDD-4767-92A7-BD82EA78C3A3}.Release - SQLite|Any CPU.Build.0 = Release|Any CPU
		{A8E87D4D-3CDD-4767-92A7-BD82EA78C3A3}.Release|Any CPU.ActiveCfg = Release|Any CPU
		{A8E87D4D-3CDD-4767-92A7-BD82EA78C3A3}.Release|Any CPU.Build.0 = Release|Any CPU
		{BC615F11-B133-42D4-8C05-2D950D4A6D64}.Debug - Firebird|Any CPU.ActiveCfg = Debug|Any CPU
		{BC615F11-B133-42D4-8C05-2D950D4A6D64}.Debug - Firebird|Any CPU.Build.0 = Debug|Any CPU
		{BC615F11-B133-42D4-8C05-2D950D4A6D64}.Debug - MySql|Any CPU.ActiveCfg = Debug|Any CPU
		{BC615F11-B133-42D4-8C05-2D950D4A6D64}.Debug - MySql|Any CPU.Build.0 = Debug|Any CPU
		{BC615F11-B133-42D4-8C05-2D950D4A6D64}.Debug - pgsql|Any CPU.ActiveCfg = Debug|Any CPU
		{BC615F11-B133-42D4-8C05-2D950D4A6D64}.Debug - pgsql|Any CPU.Build.0 = Debug|Any CPU
		{BC615F11-B133-42D4-8C05-2D950D4A6D64}.Debug - SqlCe|Any CPU.ActiveCfg = Debug|Any CPU
		{BC615F11-B133-42D4-8C05-2D950D4A6D64}.Debug - SqlCe|Any CPU.Build.0 = Debug|Any CPU
		{BC615F11-B133-42D4-8C05-2D950D4A6D64}.Debug - SQLite|Any CPU.ActiveCfg = Debug|Any CPU
		{BC615F11-B133-42D4-8C05-2D950D4A6D64}.Debug - SQLite|Any CPU.Build.0 = Debug|Any CPU
		{BC615F11-B133-42D4-8C05-2D950D4A6D64}.Debug|Any CPU.ActiveCfg = Debug|Any CPU
		{BC615F11-B133-42D4-8C05-2D950D4A6D64}.Debug|Any CPU.Build.0 = Debug|Any CPU
		{BC615F11-B133-42D4-8C05-2D950D4A6D64}.Release - Firebird|Any CPU.ActiveCfg = Release|Any CPU
		{BC615F11-B133-42D4-8C05-2D950D4A6D64}.Release - Firebird|Any CPU.Build.0 = Release|Any CPU
		{BC615F11-B133-42D4-8C05-2D950D4A6D64}.Release - MySql|Any CPU.ActiveCfg = Release|Any CPU
		{BC615F11-B133-42D4-8C05-2D950D4A6D64}.Release - MySql|Any CPU.Build.0 = Release|Any CPU
		{BC615F11-B133-42D4-8C05-2D950D4A6D64}.Release - pgsql|Any CPU.ActiveCfg = Release|Any CPU
		{BC615F11-B133-42D4-8C05-2D950D4A6D64}.Release - pgsql|Any CPU.Build.0 = Release|Any CPU
		{BC615F11-B133-42D4-8C05-2D950D4A6D64}.Release - SqlCe|Any CPU.ActiveCfg = Release|Any CPU
		{BC615F11-B133-42D4-8C05-2D950D4A6D64}.Release - SqlCe|Any CPU.Build.0 = Release|Any CPU
		{BC615F11-B133-42D4-8C05-2D950D4A6D64}.Release - SQLite|Any CPU.ActiveCfg = Release|Any CPU
		{BC615F11-B133-42D4-8C05-2D950D4A6D64}.Release - SQLite|Any CPU.Build.0 = Release|Any CPU
		{BC615F11-B133-42D4-8C05-2D950D4A6D64}.Release|Any CPU.ActiveCfg = Release|Any CPU
		{BC615F11-B133-42D4-8C05-2D950D4A6D64}.Release|Any CPU.Build.0 = Release|Any CPU
		{40FE3A7A-D79E-456B-8BDE-59BEB80F8145}.Debug - Firebird|Any CPU.ActiveCfg = Debug|Any CPU
		{40FE3A7A-D79E-456B-8BDE-59BEB80F8145}.Debug - Firebird|Any CPU.Build.0 = Debug|Any CPU
		{40FE3A7A-D79E-456B-8BDE-59BEB80F8145}.Debug - MySql|Any CPU.ActiveCfg = Debug|Any CPU
		{40FE3A7A-D79E-456B-8BDE-59BEB80F8145}.Debug - MySql|Any CPU.Build.0 = Debug|Any CPU
		{40FE3A7A-D79E-456B-8BDE-59BEB80F8145}.Debug - pgsql|Any CPU.ActiveCfg = Debug|Any CPU
		{40FE3A7A-D79E-456B-8BDE-59BEB80F8145}.Debug - pgsql|Any CPU.Build.0 = Debug|Any CPU
		{40FE3A7A-D79E-456B-8BDE-59BEB80F8145}.Debug - SqlCe|Any CPU.ActiveCfg = Debug|Any CPU
		{40FE3A7A-D79E-456B-8BDE-59BEB80F8145}.Debug - SqlCe|Any CPU.Build.0 = Debug|Any CPU
		{40FE3A7A-D79E-456B-8BDE-59BEB80F8145}.Debug - SQLite|Any CPU.ActiveCfg = Debug|Any CPU
		{40FE3A7A-D79E-456B-8BDE-59BEB80F8145}.Debug - SQLite|Any CPU.Build.0 = Debug|Any CPU
		{40FE3A7A-D79E-456B-8BDE-59BEB80F8145}.Debug|Any CPU.ActiveCfg = Debug|Any CPU
		{40FE3A7A-D79E-456B-8BDE-59BEB80F8145}.Debug|Any CPU.Build.0 = Debug|Any CPU
		{40FE3A7A-D79E-456B-8BDE-59BEB80F8145}.Release - Firebird|Any CPU.ActiveCfg = Release|Any CPU
		{40FE3A7A-D79E-456B-8BDE-59BEB80F8145}.Release - Firebird|Any CPU.Build.0 = Release|Any CPU
		{40FE3A7A-D79E-456B-8BDE-59BEB80F8145}.Release - MySql|Any CPU.ActiveCfg = Release|Any CPU
		{40FE3A7A-D79E-456B-8BDE-59BEB80F8145}.Release - MySql|Any CPU.Build.0 = Release|Any CPU
		{40FE3A7A-D79E-456B-8BDE-59BEB80F8145}.Release - pgsql|Any CPU.ActiveCfg = Release|Any CPU
		{40FE3A7A-D79E-456B-8BDE-59BEB80F8145}.Release - pgsql|Any CPU.Build.0 = Release|Any CPU
		{40FE3A7A-D79E-456B-8BDE-59BEB80F8145}.Release - SqlCe|Any CPU.ActiveCfg = Release|Any CPU
		{40FE3A7A-D79E-456B-8BDE-59BEB80F8145}.Release - SqlCe|Any CPU.Build.0 = Release|Any CPU
		{40FE3A7A-D79E-456B-8BDE-59BEB80F8145}.Release - SQLite|Any CPU.ActiveCfg = Release|Any CPU
		{40FE3A7A-D79E-456B-8BDE-59BEB80F8145}.Release - SQLite|Any CPU.Build.0 = Release|Any CPU
		{40FE3A7A-D79E-456B-8BDE-59BEB80F8145}.Release|Any CPU.ActiveCfg = Release|Any CPU
		{40FE3A7A-D79E-456B-8BDE-59BEB80F8145}.Release|Any CPU.Build.0 = Release|Any CPU
		{EFCB633B-2838-4630-8AA1-B57210F46417}.Debug - Firebird|Any CPU.ActiveCfg = Debug|Any CPU
		{EFCB633B-2838-4630-8AA1-B57210F46417}.Debug - Firebird|Any CPU.Build.0 = Debug|Any CPU
		{EFCB633B-2838-4630-8AA1-B57210F46417}.Debug - MySql|Any CPU.ActiveCfg = Debug|Any CPU
		{EFCB633B-2838-4630-8AA1-B57210F46417}.Debug - MySql|Any CPU.Build.0 = Debug|Any CPU
		{EFCB633B-2838-4630-8AA1-B57210F46417}.Debug - pgsql|Any CPU.ActiveCfg = Debug|Any CPU
		{EFCB633B-2838-4630-8AA1-B57210F46417}.Debug - pgsql|Any CPU.Build.0 = Debug|Any CPU
		{EFCB633B-2838-4630-8AA1-B57210F46417}.Debug - SqlCe|Any CPU.ActiveCfg = Debug|Any CPU
		{EFCB633B-2838-4630-8AA1-B57210F46417}.Debug - SqlCe|Any CPU.Build.0 = Debug|Any CPU
		{EFCB633B-2838-4630-8AA1-B57210F46417}.Debug - SQLite|Any CPU.ActiveCfg = Debug|Any CPU
		{EFCB633B-2838-4630-8AA1-B57210F46417}.Debug - SQLite|Any CPU.Build.0 = Debug|Any CPU
		{EFCB633B-2838-4630-8AA1-B57210F46417}.Debug|Any CPU.ActiveCfg = Debug|Any CPU
		{EFCB633B-2838-4630-8AA1-B57210F46417}.Debug|Any CPU.Build.0 = Debug|Any CPU
		{EFCB633B-2838-4630-8AA1-B57210F46417}.Release - Firebird|Any CPU.ActiveCfg = Release|Any CPU
		{EFCB633B-2838-4630-8AA1-B57210F46417}.Release - Firebird|Any CPU.Build.0 = Release|Any CPU
		{EFCB633B-2838-4630-8AA1-B57210F46417}.Release - MySql|Any CPU.ActiveCfg = Release|Any CPU
		{EFCB633B-2838-4630-8AA1-B57210F46417}.Release - MySql|Any CPU.Build.0 = Release|Any CPU
		{EFCB633B-2838-4630-8AA1-B57210F46417}.Release - pgsql|Any CPU.ActiveCfg = Release|Any CPU
		{EFCB633B-2838-4630-8AA1-B57210F46417}.Release - pgsql|Any CPU.Build.0 = Release|Any CPU
		{EFCB633B-2838-4630-8AA1-B57210F46417}.Release - SqlCe|Any CPU.ActiveCfg = Release|Any CPU
		{EFCB633B-2838-4630-8AA1-B57210F46417}.Release - SqlCe|Any CPU.Build.0 = Release|Any CPU
		{EFCB633B-2838-4630-8AA1-B57210F46417}.Release - SQLite|Any CPU.ActiveCfg = Release|Any CPU
		{EFCB633B-2838-4630-8AA1-B57210F46417}.Release - SQLite|Any CPU.Build.0 = Release|Any CPU
		{EFCB633B-2838-4630-8AA1-B57210F46417}.Release|Any CPU.ActiveCfg = Release|Any CPU
		{EFCB633B-2838-4630-8AA1-B57210F46417}.Release|Any CPU.Build.0 = Release|Any CPU
		{3B4F44A4-699A-47DE-B082-2AB3E65C1168}.Debug - Firebird|Any CPU.ActiveCfg = Debug|Any CPU
		{3B4F44A4-699A-47DE-B082-2AB3E65C1168}.Debug - Firebird|Any CPU.Build.0 = Debug|Any CPU
		{3B4F44A4-699A-47DE-B082-2AB3E65C1168}.Debug - MySql|Any CPU.ActiveCfg = Debug|Any CPU
		{3B4F44A4-699A-47DE-B082-2AB3E65C1168}.Debug - MySql|Any CPU.Build.0 = Debug|Any CPU
		{3B4F44A4-699A-47DE-B082-2AB3E65C1168}.Debug - pgsql|Any CPU.ActiveCfg = Debug|Any CPU
		{3B4F44A4-699A-47DE-B082-2AB3E65C1168}.Debug - pgsql|Any CPU.Build.0 = Debug|Any CPU
		{3B4F44A4-699A-47DE-B082-2AB3E65C1168}.Debug - SqlCe|Any CPU.ActiveCfg = Debug|Any CPU
		{3B4F44A4-699A-47DE-B082-2AB3E65C1168}.Debug - SqlCe|Any CPU.Build.0 = Debug|Any CPU
		{3B4F44A4-699A-47DE-B082-2AB3E65C1168}.Debug - SQLite|Any CPU.ActiveCfg = Debug|Any CPU
		{3B4F44A4-699A-47DE-B082-2AB3E65C1168}.Debug - SQLite|Any CPU.Build.0 = Debug|Any CPU
		{3B4F44A4-699A-47DE-B082-2AB3E65C1168}.Debug|Any CPU.ActiveCfg = Debug|Any CPU
		{3B4F44A4-699A-47DE-B082-2AB3E65C1168}.Debug|Any CPU.Build.0 = Debug|Any CPU
		{3B4F44A4-699A-47DE-B082-2AB3E65C1168}.Release - Firebird|Any CPU.ActiveCfg = Release|Any CPU
		{3B4F44A4-699A-47DE-B082-2AB3E65C1168}.Release - Firebird|Any CPU.Build.0 = Release|Any CPU
		{3B4F44A4-699A-47DE-B082-2AB3E65C1168}.Release - MySql|Any CPU.ActiveCfg = Release|Any CPU
		{3B4F44A4-699A-47DE-B082-2AB3E65C1168}.Release - MySql|Any CPU.Build.0 = Release|Any CPU
		{3B4F44A4-699A-47DE-B082-2AB3E65C1168}.Release - pgsql|Any CPU.ActiveCfg = Release|Any CPU
		{3B4F44A4-699A-47DE-B082-2AB3E65C1168}.Release - pgsql|Any CPU.Build.0 = Release|Any CPU
		{3B4F44A4-699A-47DE-B082-2AB3E65C1168}.Release - SqlCe|Any CPU.ActiveCfg = Release|Any CPU
		{3B4F44A4-699A-47DE-B082-2AB3E65C1168}.Release - SqlCe|Any CPU.Build.0 = Release|Any CPU
		{3B4F44A4-699A-47DE-B082-2AB3E65C1168}.Release - SQLite|Any CPU.ActiveCfg = Release|Any CPU
		{3B4F44A4-699A-47DE-B082-2AB3E65C1168}.Release - SQLite|Any CPU.Build.0 = Release|Any CPU
		{3B4F44A4-699A-47DE-B082-2AB3E65C1168}.Release|Any CPU.ActiveCfg = Release|Any CPU
		{3B4F44A4-699A-47DE-B082-2AB3E65C1168}.Release|Any CPU.Build.0 = Release|Any CPU
		{14865547-530D-423B-9006-48A9D86FEDFB}.Debug - Firebird|Any CPU.ActiveCfg = Debug|Any CPU
		{14865547-530D-423B-9006-48A9D86FEDFB}.Debug - Firebird|Any CPU.Build.0 = Debug|Any CPU
		{14865547-530D-423B-9006-48A9D86FEDFB}.Debug - MySql|Any CPU.ActiveCfg = Debug|Any CPU
		{14865547-530D-423B-9006-48A9D86FEDFB}.Debug - MySql|Any CPU.Build.0 = Debug|Any CPU
		{14865547-530D-423B-9006-48A9D86FEDFB}.Debug - pgsql|Any CPU.ActiveCfg = Debug|Any CPU
		{14865547-530D-423B-9006-48A9D86FEDFB}.Debug - pgsql|Any CPU.Build.0 = Debug|Any CPU
		{14865547-530D-423B-9006-48A9D86FEDFB}.Debug - SqlCe|Any CPU.ActiveCfg = Debug|Any CPU
		{14865547-530D-423B-9006-48A9D86FEDFB}.Debug - SqlCe|Any CPU.Build.0 = Debug|Any CPU
		{14865547-530D-423B-9006-48A9D86FEDFB}.Debug - SQLite|Any CPU.ActiveCfg = Debug|Any CPU
		{14865547-530D-423B-9006-48A9D86FEDFB}.Debug - SQLite|Any CPU.Build.0 = Debug|Any CPU
		{14865547-530D-423B-9006-48A9D86FEDFB}.Debug|Any CPU.ActiveCfg = Debug|Any CPU
		{14865547-530D-423B-9006-48A9D86FEDFB}.Debug|Any CPU.Build.0 = Debug|Any CPU
		{14865547-530D-423B-9006-48A9D86FEDFB}.Release - Firebird|Any CPU.ActiveCfg = Release|Any CPU
		{14865547-530D-423B-9006-48A9D86FEDFB}.Release - Firebird|Any CPU.Build.0 = Release|Any CPU
		{14865547-530D-423B-9006-48A9D86FEDFB}.Release - MySql|Any CPU.ActiveCfg = Release|Any CPU
		{14865547-530D-423B-9006-48A9D86FEDFB}.Release - MySql|Any CPU.Build.0 = Release|Any CPU
		{14865547-530D-423B-9006-48A9D86FEDFB}.Release - pgsql|Any CPU.ActiveCfg = Release|Any CPU
		{14865547-530D-423B-9006-48A9D86FEDFB}.Release - pgsql|Any CPU.Build.0 = Release|Any CPU
		{14865547-530D-423B-9006-48A9D86FEDFB}.Release - SqlCe|Any CPU.ActiveCfg = Release|Any CPU
		{14865547-530D-423B-9006-48A9D86FEDFB}.Release - SqlCe|Any CPU.Build.0 = Release|Any CPU
		{14865547-530D-423B-9006-48A9D86FEDFB}.Release - SQLite|Any CPU.ActiveCfg = Release|Any CPU
		{14865547-530D-423B-9006-48A9D86FEDFB}.Release - SQLite|Any CPU.Build.0 = Release|Any CPU
		{14865547-530D-423B-9006-48A9D86FEDFB}.Release|Any CPU.ActiveCfg = Release|Any CPU
		{14865547-530D-423B-9006-48A9D86FEDFB}.Release|Any CPU.Build.0 = Release|Any CPU
		{FED310C1-C0F6-49EB-AB2A-41D08DC78918}.Debug - Firebird|Any CPU.ActiveCfg = Debug|Any CPU
		{FED310C1-C0F6-49EB-AB2A-41D08DC78918}.Debug - Firebird|Any CPU.Build.0 = Debug|Any CPU
		{FED310C1-C0F6-49EB-AB2A-41D08DC78918}.Debug - MySql|Any CPU.ActiveCfg = Debug|Any CPU
		{FED310C1-C0F6-49EB-AB2A-41D08DC78918}.Debug - MySql|Any CPU.Build.0 = Debug|Any CPU
		{FED310C1-C0F6-49EB-AB2A-41D08DC78918}.Debug - pgsql|Any CPU.ActiveCfg = Debug|Any CPU
		{FED310C1-C0F6-49EB-AB2A-41D08DC78918}.Debug - pgsql|Any CPU.Build.0 = Debug|Any CPU
		{FED310C1-C0F6-49EB-AB2A-41D08DC78918}.Debug - SqlCe|Any CPU.ActiveCfg = Debug|Any CPU
		{FED310C1-C0F6-49EB-AB2A-41D08DC78918}.Debug - SqlCe|Any CPU.Build.0 = Debug|Any CPU
		{FED310C1-C0F6-49EB-AB2A-41D08DC78918}.Debug - SQLite|Any CPU.ActiveCfg = Debug|Any CPU
		{FED310C1-C0F6-49EB-AB2A-41D08DC78918}.Debug - SQLite|Any CPU.Build.0 = Debug|Any CPU
		{FED310C1-C0F6-49EB-AB2A-41D08DC78918}.Debug|Any CPU.ActiveCfg = Debug|Any CPU
		{FED310C1-C0F6-49EB-AB2A-41D08DC78918}.Debug|Any CPU.Build.0 = Debug|Any CPU
		{FED310C1-C0F6-49EB-AB2A-41D08DC78918}.Release - Firebird|Any CPU.ActiveCfg = Release|Any CPU
		{FED310C1-C0F6-49EB-AB2A-41D08DC78918}.Release - Firebird|Any CPU.Build.0 = Release|Any CPU
		{FED310C1-C0F6-49EB-AB2A-41D08DC78918}.Release - MySql|Any CPU.ActiveCfg = Release|Any CPU
		{FED310C1-C0F6-49EB-AB2A-41D08DC78918}.Release - MySql|Any CPU.Build.0 = Release|Any CPU
		{FED310C1-C0F6-49EB-AB2A-41D08DC78918}.Release - pgsql|Any CPU.ActiveCfg = Release|Any CPU
		{FED310C1-C0F6-49EB-AB2A-41D08DC78918}.Release - pgsql|Any CPU.Build.0 = Release|Any CPU
		{FED310C1-C0F6-49EB-AB2A-41D08DC78918}.Release - SqlCe|Any CPU.ActiveCfg = Release|Any CPU
		{FED310C1-C0F6-49EB-AB2A-41D08DC78918}.Release - SqlCe|Any CPU.Build.0 = Release|Any CPU
		{FED310C1-C0F6-49EB-AB2A-41D08DC78918}.Release - SQLite|Any CPU.ActiveCfg = Release|Any CPU
		{FED310C1-C0F6-49EB-AB2A-41D08DC78918}.Release - SQLite|Any CPU.Build.0 = Release|Any CPU
		{FED310C1-C0F6-49EB-AB2A-41D08DC78918}.Release|Any CPU.ActiveCfg = Release|Any CPU
		{FED310C1-C0F6-49EB-AB2A-41D08DC78918}.Release|Any CPU.Build.0 = Release|Any CPU
		{75291803-6CAB-44F9-BC4C-3DB491338D60}.Debug - Firebird|Any CPU.ActiveCfg = Debug|Any CPU
		{75291803-6CAB-44F9-BC4C-3DB491338D60}.Debug - Firebird|Any CPU.Build.0 = Debug|Any CPU
		{75291803-6CAB-44F9-BC4C-3DB491338D60}.Debug - MySql|Any CPU.ActiveCfg = Debug|Any CPU
		{75291803-6CAB-44F9-BC4C-3DB491338D60}.Debug - MySql|Any CPU.Build.0 = Debug|Any CPU
		{75291803-6CAB-44F9-BC4C-3DB491338D60}.Debug - pgsql|Any CPU.ActiveCfg = Debug|Any CPU
		{75291803-6CAB-44F9-BC4C-3DB491338D60}.Debug - pgsql|Any CPU.Build.0 = Debug|Any CPU
		{75291803-6CAB-44F9-BC4C-3DB491338D60}.Debug - SqlCe|Any CPU.ActiveCfg = Debug|Any CPU
		{75291803-6CAB-44F9-BC4C-3DB491338D60}.Debug - SqlCe|Any CPU.Build.0 = Debug|Any CPU
		{75291803-6CAB-44F9-BC4C-3DB491338D60}.Debug - SQLite|Any CPU.ActiveCfg = Debug|Any CPU
		{75291803-6CAB-44F9-BC4C-3DB491338D60}.Debug - SQLite|Any CPU.Build.0 = Debug|Any CPU
		{75291803-6CAB-44F9-BC4C-3DB491338D60}.Debug|Any CPU.ActiveCfg = Debug|Any CPU
		{75291803-6CAB-44F9-BC4C-3DB491338D60}.Debug|Any CPU.Build.0 = Debug|Any CPU
		{75291803-6CAB-44F9-BC4C-3DB491338D60}.Release - Firebird|Any CPU.ActiveCfg = Release|Any CPU
		{75291803-6CAB-44F9-BC4C-3DB491338D60}.Release - Firebird|Any CPU.Build.0 = Release|Any CPU
		{75291803-6CAB-44F9-BC4C-3DB491338D60}.Release - MySql|Any CPU.ActiveCfg = Release|Any CPU
		{75291803-6CAB-44F9-BC4C-3DB491338D60}.Release - MySql|Any CPU.Build.0 = Release|Any CPU
		{75291803-6CAB-44F9-BC4C-3DB491338D60}.Release - pgsql|Any CPU.ActiveCfg = Release|Any CPU
		{75291803-6CAB-44F9-BC4C-3DB491338D60}.Release - pgsql|Any CPU.Build.0 = Release|Any CPU
		{75291803-6CAB-44F9-BC4C-3DB491338D60}.Release - SqlCe|Any CPU.ActiveCfg = Release|Any CPU
		{75291803-6CAB-44F9-BC4C-3DB491338D60}.Release - SqlCe|Any CPU.Build.0 = Release|Any CPU
		{75291803-6CAB-44F9-BC4C-3DB491338D60}.Release - SQLite|Any CPU.ActiveCfg = Release|Any CPU
		{75291803-6CAB-44F9-BC4C-3DB491338D60}.Release - SQLite|Any CPU.Build.0 = Release|Any CPU
		{75291803-6CAB-44F9-BC4C-3DB491338D60}.Release|Any CPU.ActiveCfg = Release|Any CPU
		{75291803-6CAB-44F9-BC4C-3DB491338D60}.Release|Any CPU.Build.0 = Release|Any CPU
		{9A8762DB-6718-4818-B48A-6B766A10C4B9}.Debug - Firebird|Any CPU.ActiveCfg = Debug|Any CPU
		{9A8762DB-6718-4818-B48A-6B766A10C4B9}.Debug - Firebird|Any CPU.Build.0 = Debug|Any CPU
		{9A8762DB-6718-4818-B48A-6B766A10C4B9}.Debug - MySql|Any CPU.ActiveCfg = Debug|Any CPU
		{9A8762DB-6718-4818-B48A-6B766A10C4B9}.Debug - MySql|Any CPU.Build.0 = Debug|Any CPU
		{9A8762DB-6718-4818-B48A-6B766A10C4B9}.Debug - pgsql|Any CPU.ActiveCfg = Debug|Any CPU
		{9A8762DB-6718-4818-B48A-6B766A10C4B9}.Debug - pgsql|Any CPU.Build.0 = Debug|Any CPU
		{9A8762DB-6718-4818-B48A-6B766A10C4B9}.Debug - SqlCe|Any CPU.ActiveCfg = Debug|Any CPU
		{9A8762DB-6718-4818-B48A-6B766A10C4B9}.Debug - SqlCe|Any CPU.Build.0 = Debug|Any CPU
		{9A8762DB-6718-4818-B48A-6B766A10C4B9}.Debug - SQLite|Any CPU.ActiveCfg = Debug|Any CPU
		{9A8762DB-6718-4818-B48A-6B766A10C4B9}.Debug - SQLite|Any CPU.Build.0 = Debug|Any CPU
		{9A8762DB-6718-4818-B48A-6B766A10C4B9}.Debug|Any CPU.ActiveCfg = Debug|Any CPU
		{9A8762DB-6718-4818-B48A-6B766A10C4B9}.Debug|Any CPU.Build.0 = Debug|Any CPU
		{9A8762DB-6718-4818-B48A-6B766A10C4B9}.Release - Firebird|Any CPU.ActiveCfg = Release|Any CPU
		{9A8762DB-6718-4818-B48A-6B766A10C4B9}.Release - Firebird|Any CPU.Build.0 = Release|Any CPU
		{9A8762DB-6718-4818-B48A-6B766A10C4B9}.Release - MySql|Any CPU.ActiveCfg = Release|Any CPU
		{9A8762DB-6718-4818-B48A-6B766A10C4B9}.Release - MySql|Any CPU.Build.0 = Release|Any CPU
		{9A8762DB-6718-4818-B48A-6B766A10C4B9}.Release - pgsql|Any CPU.ActiveCfg = Release|Any CPU
		{9A8762DB-6718-4818-B48A-6B766A10C4B9}.Release - pgsql|Any CPU.Build.0 = Release|Any CPU
		{9A8762DB-6718-4818-B48A-6B766A10C4B9}.Release - SqlCe|Any CPU.ActiveCfg = Release|Any CPU
		{9A8762DB-6718-4818-B48A-6B766A10C4B9}.Release - SqlCe|Any CPU.Build.0 = Release|Any CPU
		{9A8762DB-6718-4818-B48A-6B766A10C4B9}.Release - SQLite|Any CPU.ActiveCfg = Release|Any CPU
		{9A8762DB-6718-4818-B48A-6B766A10C4B9}.Release - SQLite|Any CPU.Build.0 = Release|Any CPU
		{9A8762DB-6718-4818-B48A-6B766A10C4B9}.Release|Any CPU.ActiveCfg = Release|Any CPU
		{9A8762DB-6718-4818-B48A-6B766A10C4B9}.Release|Any CPU.Build.0 = Release|Any CPU
		{0D3A9ADF-1022-4DF8-9234-318438C8ED16}.Debug - Firebird|Any CPU.ActiveCfg = Debug|Any CPU
		{0D3A9ADF-1022-4DF8-9234-318438C8ED16}.Debug - Firebird|Any CPU.Build.0 = Debug|Any CPU
		{0D3A9ADF-1022-4DF8-9234-318438C8ED16}.Debug - MySql|Any CPU.ActiveCfg = Debug|Any CPU
		{0D3A9ADF-1022-4DF8-9234-318438C8ED16}.Debug - MySql|Any CPU.Build.0 = Debug|Any CPU
		{0D3A9ADF-1022-4DF8-9234-318438C8ED16}.Debug - pgsql|Any CPU.ActiveCfg = Debug|Any CPU
		{0D3A9ADF-1022-4DF8-9234-318438C8ED16}.Debug - pgsql|Any CPU.Build.0 = Debug|Any CPU
		{0D3A9ADF-1022-4DF8-9234-318438C8ED16}.Debug - SqlCe|Any CPU.ActiveCfg = Debug|Any CPU
		{0D3A9ADF-1022-4DF8-9234-318438C8ED16}.Debug - SqlCe|Any CPU.Build.0 = Debug|Any CPU
		{0D3A9ADF-1022-4DF8-9234-318438C8ED16}.Debug - SQLite|Any CPU.ActiveCfg = Debug|Any CPU
		{0D3A9ADF-1022-4DF8-9234-318438C8ED16}.Debug - SQLite|Any CPU.Build.0 = Debug|Any CPU
		{0D3A9ADF-1022-4DF8-9234-318438C8ED16}.Debug|Any CPU.ActiveCfg = Debug|Any CPU
		{0D3A9ADF-1022-4DF8-9234-318438C8ED16}.Debug|Any CPU.Build.0 = Debug|Any CPU
		{0D3A9ADF-1022-4DF8-9234-318438C8ED16}.Release - Firebird|Any CPU.ActiveCfg = Release|Any CPU
		{0D3A9ADF-1022-4DF8-9234-318438C8ED16}.Release - Firebird|Any CPU.Build.0 = Release|Any CPU
		{0D3A9ADF-1022-4DF8-9234-318438C8ED16}.Release - MySql|Any CPU.ActiveCfg = Release|Any CPU
		{0D3A9ADF-1022-4DF8-9234-318438C8ED16}.Release - MySql|Any CPU.Build.0 = Release|Any CPU
		{0D3A9ADF-1022-4DF8-9234-318438C8ED16}.Release - pgsql|Any CPU.ActiveCfg = Release|Any CPU
		{0D3A9ADF-1022-4DF8-9234-318438C8ED16}.Release - pgsql|Any CPU.Build.0 = Release|Any CPU
		{0D3A9ADF-1022-4DF8-9234-318438C8ED16}.Release - SqlCe|Any CPU.ActiveCfg = Release|Any CPU
		{0D3A9ADF-1022-4DF8-9234-318438C8ED16}.Release - SqlCe|Any CPU.Build.0 = Release|Any CPU
		{0D3A9ADF-1022-4DF8-9234-318438C8ED16}.Release - SQLite|Any CPU.ActiveCfg = Release|Any CPU
		{0D3A9ADF-1022-4DF8-9234-318438C8ED16}.Release - SQLite|Any CPU.Build.0 = Release|Any CPU
		{0D3A9ADF-1022-4DF8-9234-318438C8ED16}.Release|Any CPU.ActiveCfg = Release|Any CPU
		{0D3A9ADF-1022-4DF8-9234-318438C8ED16}.Release|Any CPU.Build.0 = Release|Any CPU
		{48157B2F-261D-4DEA-B0CD-62C115E41F6B}.Debug - Firebird|Any CPU.ActiveCfg = Debug|Any CPU
		{48157B2F-261D-4DEA-B0CD-62C115E41F6B}.Debug - Firebird|Any CPU.Build.0 = Debug|Any CPU
		{48157B2F-261D-4DEA-B0CD-62C115E41F6B}.Debug - MySql|Any CPU.ActiveCfg = Debug|Any CPU
		{48157B2F-261D-4DEA-B0CD-62C115E41F6B}.Debug - MySql|Any CPU.Build.0 = Debug|Any CPU
		{48157B2F-261D-4DEA-B0CD-62C115E41F6B}.Debug - pgsql|Any CPU.ActiveCfg = Debug|Any CPU
		{48157B2F-261D-4DEA-B0CD-62C115E41F6B}.Debug - pgsql|Any CPU.Build.0 = Debug|Any CPU
		{48157B2F-261D-4DEA-B0CD-62C115E41F6B}.Debug - SqlCe|Any CPU.ActiveCfg = Debug|Any CPU
		{48157B2F-261D-4DEA-B0CD-62C115E41F6B}.Debug - SqlCe|Any CPU.Build.0 = Debug|Any CPU
		{48157B2F-261D-4DEA-B0CD-62C115E41F6B}.Debug - SQLite|Any CPU.ActiveCfg = Debug|Any CPU
		{48157B2F-261D-4DEA-B0CD-62C115E41F6B}.Debug - SQLite|Any CPU.Build.0 = Debug|Any CPU
		{48157B2F-261D-4DEA-B0CD-62C115E41F6B}.Debug|Any CPU.ActiveCfg = Debug|Any CPU
		{48157B2F-261D-4DEA-B0CD-62C115E41F6B}.Debug|Any CPU.Build.0 = Debug|Any CPU
		{48157B2F-261D-4DEA-B0CD-62C115E41F6B}.Release - Firebird|Any CPU.ActiveCfg = Release|Any CPU
		{48157B2F-261D-4DEA-B0CD-62C115E41F6B}.Release - Firebird|Any CPU.Build.0 = Release|Any CPU
		{48157B2F-261D-4DEA-B0CD-62C115E41F6B}.Release - MySql|Any CPU.ActiveCfg = Release|Any CPU
		{48157B2F-261D-4DEA-B0CD-62C115E41F6B}.Release - MySql|Any CPU.Build.0 = Release|Any CPU
		{48157B2F-261D-4DEA-B0CD-62C115E41F6B}.Release - pgsql|Any CPU.ActiveCfg = Release|Any CPU
		{48157B2F-261D-4DEA-B0CD-62C115E41F6B}.Release - pgsql|Any CPU.Build.0 = Release|Any CPU
		{48157B2F-261D-4DEA-B0CD-62C115E41F6B}.Release - SqlCe|Any CPU.ActiveCfg = Release|Any CPU
		{48157B2F-261D-4DEA-B0CD-62C115E41F6B}.Release - SqlCe|Any CPU.Build.0 = Release|Any CPU
		{48157B2F-261D-4DEA-B0CD-62C115E41F6B}.Release - SQLite|Any CPU.ActiveCfg = Release|Any CPU
		{48157B2F-261D-4DEA-B0CD-62C115E41F6B}.Release - SQLite|Any CPU.Build.0 = Release|Any CPU
		{48157B2F-261D-4DEA-B0CD-62C115E41F6B}.Release|Any CPU.ActiveCfg = Release|Any CPU
		{48157B2F-261D-4DEA-B0CD-62C115E41F6B}.Release|Any CPU.Build.0 = Release|Any CPU
		{7ED8D4F6-7EC7-4EB5-800F-C7F542363B74}.Debug - Firebird|Any CPU.ActiveCfg = Debug|Any CPU
		{7ED8D4F6-7EC7-4EB5-800F-C7F542363B74}.Debug - Firebird|Any CPU.Build.0 = Debug|Any CPU
		{7ED8D4F6-7EC7-4EB5-800F-C7F542363B74}.Debug - MySql|Any CPU.ActiveCfg = Debug|Any CPU
		{7ED8D4F6-7EC7-4EB5-800F-C7F542363B74}.Debug - MySql|Any CPU.Build.0 = Debug|Any CPU
		{7ED8D4F6-7EC7-4EB5-800F-C7F542363B74}.Debug - pgsql|Any CPU.ActiveCfg = Debug|Any CPU
		{7ED8D4F6-7EC7-4EB5-800F-C7F542363B74}.Debug - pgsql|Any CPU.Build.0 = Debug|Any CPU
		{7ED8D4F6-7EC7-4EB5-800F-C7F542363B74}.Debug - SqlCe|Any CPU.ActiveCfg = Debug|Any CPU
		{7ED8D4F6-7EC7-4EB5-800F-C7F542363B74}.Debug - SqlCe|Any CPU.Build.0 = Debug|Any CPU
		{7ED8D4F6-7EC7-4EB5-800F-C7F542363B74}.Debug - SQLite|Any CPU.ActiveCfg = Debug|Any CPU
		{7ED8D4F6-7EC7-4EB5-800F-C7F542363B74}.Debug - SQLite|Any CPU.Build.0 = Debug|Any CPU
		{7ED8D4F6-7EC7-4EB5-800F-C7F542363B74}.Debug|Any CPU.ActiveCfg = Debug|Any CPU
		{7ED8D4F6-7EC7-4EB5-800F-C7F542363B74}.Debug|Any CPU.Build.0 = Debug|Any CPU
		{7ED8D4F6-7EC7-4EB5-800F-C7F542363B74}.Release - Firebird|Any CPU.ActiveCfg = Release|Any CPU
		{7ED8D4F6-7EC7-4EB5-800F-C7F542363B74}.Release - Firebird|Any CPU.Build.0 = Release|Any CPU
		{7ED8D4F6-7EC7-4EB5-800F-C7F542363B74}.Release - MySql|Any CPU.ActiveCfg = Release|Any CPU
		{7ED8D4F6-7EC7-4EB5-800F-C7F542363B74}.Release - MySql|Any CPU.Build.0 = Release|Any CPU
		{7ED8D4F6-7EC7-4EB5-800F-C7F542363B74}.Release - pgsql|Any CPU.ActiveCfg = Release|Any CPU
		{7ED8D4F6-7EC7-4EB5-800F-C7F542363B74}.Release - pgsql|Any CPU.Build.0 = Release|Any CPU
		{7ED8D4F6-7EC7-4EB5-800F-C7F542363B74}.Release - SqlCe|Any CPU.ActiveCfg = Release|Any CPU
		{7ED8D4F6-7EC7-4EB5-800F-C7F542363B74}.Release - SqlCe|Any CPU.Build.0 = Release|Any CPU
		{7ED8D4F6-7EC7-4EB5-800F-C7F542363B74}.Release - SQLite|Any CPU.ActiveCfg = Release|Any CPU
		{7ED8D4F6-7EC7-4EB5-800F-C7F542363B74}.Release - SQLite|Any CPU.Build.0 = Release|Any CPU
		{7ED8D4F6-7EC7-4EB5-800F-C7F542363B74}.Release|Any CPU.ActiveCfg = Release|Any CPU
		{7ED8D4F6-7EC7-4EB5-800F-C7F542363B74}.Release|Any CPU.Build.0 = Release|Any CPU
		{DF8EAEDC-7955-46D8-AB03-E86D5B522D66}.Debug - Firebird|Any CPU.ActiveCfg = Debug|Any CPU
		{DF8EAEDC-7955-46D8-AB03-E86D5B522D66}.Debug - Firebird|Any CPU.Build.0 = Debug|Any CPU
		{DF8EAEDC-7955-46D8-AB03-E86D5B522D66}.Debug - MySql|Any CPU.ActiveCfg = Debug|Any CPU
		{DF8EAEDC-7955-46D8-AB03-E86D5B522D66}.Debug - MySql|Any CPU.Build.0 = Debug|Any CPU
		{DF8EAEDC-7955-46D8-AB03-E86D5B522D66}.Debug - pgsql|Any CPU.ActiveCfg = Debug|Any CPU
		{DF8EAEDC-7955-46D8-AB03-E86D5B522D66}.Debug - pgsql|Any CPU.Build.0 = Debug|Any CPU
		{DF8EAEDC-7955-46D8-AB03-E86D5B522D66}.Debug - SqlCe|Any CPU.ActiveCfg = Debug|Any CPU
		{DF8EAEDC-7955-46D8-AB03-E86D5B522D66}.Debug - SqlCe|Any CPU.Build.0 = Debug|Any CPU
		{DF8EAEDC-7955-46D8-AB03-E86D5B522D66}.Debug - SQLite|Any CPU.ActiveCfg = Debug|Any CPU
		{DF8EAEDC-7955-46D8-AB03-E86D5B522D66}.Debug - SQLite|Any CPU.Build.0 = Debug|Any CPU
		{DF8EAEDC-7955-46D8-AB03-E86D5B522D66}.Debug|Any CPU.ActiveCfg = Debug|Any CPU
		{DF8EAEDC-7955-46D8-AB03-E86D5B522D66}.Debug|Any CPU.Build.0 = Debug|Any CPU
		{DF8EAEDC-7955-46D8-AB03-E86D5B522D66}.Release - Firebird|Any CPU.ActiveCfg = Release|Any CPU
		{DF8EAEDC-7955-46D8-AB03-E86D5B522D66}.Release - Firebird|Any CPU.Build.0 = Release|Any CPU
		{DF8EAEDC-7955-46D8-AB03-E86D5B522D66}.Release - MySql|Any CPU.ActiveCfg = Release|Any CPU
		{DF8EAEDC-7955-46D8-AB03-E86D5B522D66}.Release - MySql|Any CPU.Build.0 = Release|Any CPU
		{DF8EAEDC-7955-46D8-AB03-E86D5B522D66}.Release - pgsql|Any CPU.ActiveCfg = Release|Any CPU
		{DF8EAEDC-7955-46D8-AB03-E86D5B522D66}.Release - pgsql|Any CPU.Build.0 = Release|Any CPU
		{DF8EAEDC-7955-46D8-AB03-E86D5B522D66}.Release - SqlCe|Any CPU.ActiveCfg = Release|Any CPU
		{DF8EAEDC-7955-46D8-AB03-E86D5B522D66}.Release - SqlCe|Any CPU.Build.0 = Release|Any CPU
		{DF8EAEDC-7955-46D8-AB03-E86D5B522D66}.Release - SQLite|Any CPU.ActiveCfg = Release|Any CPU
		{DF8EAEDC-7955-46D8-AB03-E86D5B522D66}.Release - SQLite|Any CPU.Build.0 = Release|Any CPU
		{DF8EAEDC-7955-46D8-AB03-E86D5B522D66}.Release|Any CPU.ActiveCfg = Release|Any CPU
		{DF8EAEDC-7955-46D8-AB03-E86D5B522D66}.Release|Any CPU.Build.0 = Release|Any CPU
		{8934D759-EAB7-4372-8FED-05ABD3A213AB}.Debug - Firebird|Any CPU.ActiveCfg = Debug|Any CPU
		{8934D759-EAB7-4372-8FED-05ABD3A213AB}.Debug - Firebird|Any CPU.Build.0 = Debug|Any CPU
		{8934D759-EAB7-4372-8FED-05ABD3A213AB}.Debug - MySql|Any CPU.ActiveCfg = Debug|Any CPU
		{8934D759-EAB7-4372-8FED-05ABD3A213AB}.Debug - MySql|Any CPU.Build.0 = Debug|Any CPU
		{8934D759-EAB7-4372-8FED-05ABD3A213AB}.Debug - pgsql|Any CPU.ActiveCfg = Debug|Any CPU
		{8934D759-EAB7-4372-8FED-05ABD3A213AB}.Debug - pgsql|Any CPU.Build.0 = Debug|Any CPU
		{8934D759-EAB7-4372-8FED-05ABD3A213AB}.Debug - SqlCe|Any CPU.ActiveCfg = Debug|Any CPU
		{8934D759-EAB7-4372-8FED-05ABD3A213AB}.Debug - SqlCe|Any CPU.Build.0 = Debug|Any CPU
		{8934D759-EAB7-4372-8FED-05ABD3A213AB}.Debug - SQLite|Any CPU.ActiveCfg = Debug|Any CPU
		{8934D759-EAB7-4372-8FED-05ABD3A213AB}.Debug - SQLite|Any CPU.Build.0 = Debug|Any CPU
		{8934D759-EAB7-4372-8FED-05ABD3A213AB}.Debug|Any CPU.ActiveCfg = Debug|Any CPU
		{8934D759-EAB7-4372-8FED-05ABD3A213AB}.Debug|Any CPU.Build.0 = Debug|Any CPU
		{8934D759-EAB7-4372-8FED-05ABD3A213AB}.Release - Firebird|Any CPU.ActiveCfg = Release|Any CPU
		{8934D759-EAB7-4372-8FED-05ABD3A213AB}.Release - Firebird|Any CPU.Build.0 = Release|Any CPU
		{8934D759-EAB7-4372-8FED-05ABD3A213AB}.Release - MySql|Any CPU.ActiveCfg = Release|Any CPU
		{8934D759-EAB7-4372-8FED-05ABD3A213AB}.Release - MySql|Any CPU.Build.0 = Release|Any CPU
		{8934D759-EAB7-4372-8FED-05ABD3A213AB}.Release - pgsql|Any CPU.ActiveCfg = Release|Any CPU
		{8934D759-EAB7-4372-8FED-05ABD3A213AB}.Release - pgsql|Any CPU.Build.0 = Release|Any CPU
		{8934D759-EAB7-4372-8FED-05ABD3A213AB}.Release - SqlCe|Any CPU.ActiveCfg = Release|Any CPU
		{8934D759-EAB7-4372-8FED-05ABD3A213AB}.Release - SqlCe|Any CPU.Build.0 = Release|Any CPU
		{8934D759-EAB7-4372-8FED-05ABD3A213AB}.Release - SQLite|Any CPU.ActiveCfg = Release|Any CPU
		{8934D759-EAB7-4372-8FED-05ABD3A213AB}.Release - SQLite|Any CPU.Build.0 = Release|Any CPU
		{8934D759-EAB7-4372-8FED-05ABD3A213AB}.Release|Any CPU.ActiveCfg = Release|Any CPU
		{8934D759-EAB7-4372-8FED-05ABD3A213AB}.Release|Any CPU.Build.0 = Release|Any CPU
	EndGlobalSection
	GlobalSection(SolutionProperties) = preSolution
		HideSolutionNode = FALSE
	EndGlobalSection
EndGlobal
